
Microsoft Visual Studio Solution File, Format Version 12.00
# Visual Studio Version 17
VisualStudioVersion = 17.3.32811.315
MinimumVisualStudioVersion = 10.0.40219.1
Project("{9A19103F-16F7-4668-BE54-9A1E7A4F7556}") = "CSharpBasics2", "CSharpBasics2\CSharpBasics2.csproj", "{751F1BC3-5DA6-4921-B54D-A11C10D28E4D}"
EndProject
Project("{FAE04EC0-301F-11D3-BF4B-00C04F79EFBC}") = "EventsAndDelegates", "EventsAndDelegates\EventsAndDelegates.csproj", "{3A35F0BD-2630-4A9E-82ED-A08F964E102D}"
EndProject
Project("{FAE04EC0-301F-11D3-BF4B-00C04F79EFBC}") = "ExtensionMethods", "ExtensionMethods\ExtensionMethods.csproj", "{4402E46B-1601-4385-9029-4D43407FE6CA}"
EndProject
Project("{FAE04EC0-301F-11D3-BF4B-00C04F79EFBC}") = "LINQ", "LINQ\LINQ.csproj", "{4DEE1480-EC64-41AF-AAA7-1984D9BA79DF}"
EndProject
Project("{FAE04EC0-301F-11D3-BF4B-00C04F79EFBC}") = "DYNAMICS", "DYNAMICS\DYNAMICS.csproj", "{4B73BF13-AE66-43E0-9D82-AFB64AF77173}"
EndProject
Global
	GlobalSection(SolutionConfigurationPlatforms) = preSolution
		Debug|Any CPU = Debug|Any CPU
		Release|Any CPU = Release|Any CPU
	EndGlobalSection
	GlobalSection(ProjectConfigurationPlatforms) = postSolution
		{751F1BC3-5DA6-4921-B54D-A11C10D28E4D}.Debug|Any CPU.ActiveCfg = Debug|Any CPU
		{751F1BC3-5DA6-4921-B54D-A11C10D28E4D}.Debug|Any CPU.Build.0 = Debug|Any CPU
		{751F1BC3-5DA6-4921-B54D-A11C10D28E4D}.Release|Any CPU.ActiveCfg = Release|Any CPU
		{751F1BC3-5DA6-4921-B54D-A11C10D28E4D}.Release|Any CPU.Build.0 = Release|Any CPU
		{3A35F0BD-2630-4A9E-82ED-A08F964E102D}.Debug|Any CPU.ActiveCfg = Debug|Any CPU
		{3A35F0BD-2630-4A9E-82ED-A08F964E102D}.Debug|Any CPU.Build.0 = Debug|Any CPU
		{3A35F0BD-2630-4A9E-82ED-A08F964E102D}.Release|Any CPU.ActiveCfg = Release|Any CPU
		{3A35F0BD-2630-4A9E-82ED-A08F964E102D}.Release|Any CPU.Build.0 = Release|Any CPU
		{4402E46B-1601-4385-9029-4D43407FE6CA}.Debug|Any CPU.ActiveCfg = Debug|Any CPU
		{4402E46B-1601-4385-9029-4D43407FE6CA}.Debug|Any CPU.Build.0 = Debug|Any CPU
		{4402E46B-1601-4385-9029-4D43407FE6CA}.Release|Any CPU.ActiveCfg = Release|Any CPU
		{4402E46B-1601-4385-9029-4D43407FE6CA}.Release|Any CPU.Build.0 = Release|Any CPU
		{4DEE1480-EC64-41AF-AAA7-1984D9BA79DF}.Debug|Any CPU.ActiveCfg = Debug|Any CPU
		{4DEE1480-EC64-41AF-AAA7-1984D9BA79DF}.Debug|Any CPU.Build.0 = Debug|Any CPU
		{4DEE1480-EC64-41AF-AAA7-1984D9BA79DF}.Release|Any CPU.ActiveCfg = Release|Any CPU
		{4DEE1480-EC64-41AF-AAA7-1984D9BA79DF}.Release|Any CPU.Build.0 = Release|Any CPU
		{4B73BF13-AE66-43E0-9D82-AFB64AF77173}.Debug|Any CPU.ActiveCfg = Debug|Any CPU
		{4B73BF13-AE66-43E0-9D82-AFB64AF77173}.Debug|Any CPU.Build.0 = Debug|Any CPU
		{4B73BF13-AE66-43E0-9D82-AFB64AF77173}.Release|Any CPU.ActiveCfg = Release|Any CPU
		{4B73BF13-AE66-43E0-9D82-AFB64AF77173}.Release|Any CPU.Build.0 = Release|Any CPU
	EndGlobalSection
	GlobalSection(SolutionProperties) = preSolution
		HideSolutionNode = FALSE
	EndGlobalSection
	GlobalSection(ExtensibilityGlobals) = postSolution
		SolutionGuid = {C7F38050-5F4C-4542-9DF3-A490FA28F19A}
	EndGlobalSection
EndGlobal
